{
  "object": {
    "pins": [
      {
        "package": "OnPasteboardChange",
        "repositoryURL": "/Users/kylenazario/apps/OnPasteboardChange",
        "state": {
          "branch": "main",
          "revision": "64c27da640ff5f4327cf8c761003c27db8907dbc",
          "version": null
        }
      }
    ]
  },
  "version": 1
}
